
Microsoft Visual Studio Solution File, Format Version 12.00
Project("{FAE04EC0-301F-11D3-BF4B-00C04F79EFBC}") = "sw_exporter", "sw_exporter\sw_exporter.csproj", "{51A39BB5-F54D-4D59-AA18-FBC53385F3A5}"
EndProject
Global
	GlobalSection(SolutionConfigurationPlatforms) = preSolution
		Debug|Any CPU = Debug|Any CPU
		Release|Any CPU = Release|Any CPU
	EndGlobalSection
	GlobalSection(ProjectConfigurationPlatforms) = postSolution
		{51A39BB5-F54D-4D59-AA18-FBC53385F3A5}.Debug|Any CPU.ActiveCfg = Debug|Any CPU
		{51A39BB5-F54D-4D59-AA18-FBC53385F3A5}.Debug|Any CPU.Build.0 = Debug|Any CPU
		{51A39BB5-F54D-4D59-AA18-FBC53385F3A5}.Release|Any CPU.ActiveCfg = Release|Any CPU
		{51A39BB5-F54D-4D59-AA18-FBC53385F3A5}.Release|Any CPU.Build.0 = Release|Any CPU
	EndGlobalSection
EndGlobal
